
Microsoft Visual Studio Solution File, Format Version 12.00
# Visual Studio Version 16
VisualStudioVersion = 16.0.32630.194
MinimumVisualStudioVersion = 10.0.40219.1
Project("{FAE04EC0-301F-11D3-BF4B-00C04F79EFBC}") = "Exercício caixa (Desenvolver sistemas)", "Exercício caixa (Desenvolver sistemas)\Exercício caixa (Desenvolver sistemas).csproj", "{F1489E97-2193-4081-9A57-CC696BE2754C}"
EndProject
Global
	GlobalSection(SolutionConfigurationPlatforms) = preSolution
		Debug|Any CPU = Debug|Any CPU
		Release|Any CPU = Release|Any CPU
	EndGlobalSection
	GlobalSection(ProjectConfigurationPlatforms) = postSolution
		{F1489E97-2193-4081-9A57-CC696BE2754C}.Debug|Any CPU.ActiveCfg = Debug|Any CPU
		{F1489E97-2193-4081-9A57-CC696BE2754C}.Debug|Any CPU.Build.0 = Debug|Any CPU
		{F1489E97-2193-4081-9A57-CC696BE2754C}.Release|Any CPU.ActiveCfg = Release|Any CPU
		{F1489E97-2193-4081-9A57-CC696BE2754C}.Release|Any CPU.Build.0 = Release|Any CPU
	EndGlobalSection
	GlobalSection(SolutionProperties) = preSolution
		HideSolutionNode = FALSE
	EndGlobalSection
	GlobalSection(ExtensibilityGlobals) = postSolution
		SolutionGuid = {2FB89605-0907-4861-BB66-CCD06323C6B3}
	EndGlobalSection
EndGlobal
